
Microsoft Visual Studio Solution File, Format Version 12.00
# Visual Studio 15
VisualStudioVersion = 15.0.26124.0
MinimumVisualStudioVersion = 15.0.26124.0
Project("{FAE04EC0-301F-11D3-BF4B-00C04F79EFBC}") = "Javelin", "Javelin\Javelin.csproj", "{38E5488C-C852-4179-940E-BF181DD157B1}"
EndProject
Project("{FAE04EC0-301F-11D3-BF4B-00C04F79EFBC}") = "Javelin.Tests", "Javelin.Tests\Javelin.Tests.csproj", "{8E5B89F5-749D-44D7-B53D-B32306485CF5}"
EndProject
Global
	GlobalSection(SolutionConfigurationPlatforms) = preSolution
		Debug|Any CPU = Debug|Any CPU
		Debug|x64 = Debug|x64
		Debug|x86 = Debug|x86
		Release|Any CPU = Release|Any CPU
		Release|x64 = Release|x64
		Release|x86 = Release|x86
	EndGlobalSection
	GlobalSection(SolutionProperties) = preSolution
		HideSolutionNode = FALSE
	EndGlobalSection
	GlobalSection(ProjectConfigurationPlatforms) = postSolution
		{38E5488C-C852-4179-940E-BF181DD157B1}.Debug|Any CPU.ActiveCfg = Debug|Any CPU
		{38E5488C-C852-4179-940E-BF181DD157B1}.Debug|Any CPU.Build.0 = Debug|Any CPU
		{38E5488C-C852-4179-940E-BF181DD157B1}.Debug|x64.ActiveCfg = Debug|Any CPU
		{38E5488C-C852-4179-940E-BF181DD157B1}.Debug|x64.Build.0 = Debug|Any CPU
		{38E5488C-C852-4179-940E-BF181DD157B1}.Debug|x86.ActiveCfg = Debug|Any CPU
		{38E5488C-C852-4179-940E-BF181DD157B1}.Debug|x86.Build.0 = Debug|Any CPU
		{38E5488C-C852-4179-940E-BF181DD157B1}.Release|Any CPU.ActiveCfg = Release|Any CPU
		{38E5488C-C852-4179-940E-BF181DD157B1}.Release|Any CPU.Build.0 = Release|Any CPU
		{38E5488C-C852-4179-940E-BF181DD157B1}.Release|x64.ActiveCfg = Release|Any CPU
		{38E5488C-C852-4179-940E-BF181DD157B1}.Release|x64.Build.0 = Release|Any CPU
		{38E5488C-C852-4179-940E-BF181DD157B1}.Release|x86.ActiveCfg = Release|Any CPU
		{38E5488C-C852-4179-940E-BF181DD157B1}.Release|x86.Build.0 = Release|Any CPU
		{8E5B89F5-749D-44D7-B53D-B32306485CF5}.Debug|Any CPU.ActiveCfg = Debug|Any CPU
		{8E5B89F5-749D-44D7-B53D-B32306485CF5}.Debug|Any CPU.Build.0 = Debug|Any CPU
		{8E5B89F5-749D-44D7-B53D-B32306485CF5}.Debug|x64.ActiveCfg = Debug|Any CPU
		{8E5B89F5-749D-44D7-B53D-B32306485CF5}.Debug|x64.Build.0 = Debug|Any CPU
		{8E5B89F5-749D-44D7-B53D-B32306485CF5}.Debug|x86.ActiveCfg = Debug|Any CPU
		{8E5B89F5-749D-44D7-B53D-B32306485CF5}.Debug|x86.Build.0 = Debug|Any CPU
		{8E5B89F5-749D-44D7-B53D-B32306485CF5}.Release|Any CPU.ActiveCfg = Release|Any CPU
		{8E5B89F5-749D-44D7-B53D-B32306485CF5}.Release|Any CPU.Build.0 = Release|Any CPU
		{8E5B89F5-749D-44D7-B53D-B32306485CF5}.Release|x64.ActiveCfg = Release|Any CPU
		{8E5B89F5-749D-44D7-B53D-B32306485CF5}.Release|x64.Build.0 = Release|Any CPU
		{8E5B89F5-749D-44D7-B53D-B32306485CF5}.Release|x86.ActiveCfg = Release|Any CPU
		{8E5B89F5-749D-44D7-B53D-B32306485CF5}.Release|x86.Build.0 = Release|Any CPU
	EndGlobalSection
EndGlobal
